
Microsoft Visual Studio Solution File, Format Version 12.00
# Visual Studio Version 17
VisualStudioVersion = 17.11.35327.3
MinimumVisualStudioVersion = 10.0.40219.1
Project("{9A19103F-16F7-4668-BE54-9A1E7A4F7556}") = "WpfApp1_Kulakova_Elena", "WpfApp1_Kulakova_Elena.csproj", "{FF3FA360-3791-459E-BE9D-709BA2A67F88}"
EndProject
Global
	GlobalSection(SolutionConfigurationPlatforms) = preSolution
		Debug|Any CPU = Debug|Any CPU
		Release|Any CPU = Release|Any CPU
	EndGlobalSection
	GlobalSection(ProjectConfigurationPlatforms) = postSolution
		{FF3FA360-3791-459E-BE9D-709BA2A67F88}.Debug|Any CPU.ActiveCfg = Debug|Any CPU
		{FF3FA360-3791-459E-BE9D-709BA2A67F88}.Debug|Any CPU.Build.0 = Debug|Any CPU
		{FF3FA360-3791-459E-BE9D-709BA2A67F88}.Release|Any CPU.ActiveCfg = Release|Any CPU
		{FF3FA360-3791-459E-BE9D-709BA2A67F88}.Release|Any CPU.Build.0 = Release|Any CPU
	EndGlobalSection
	GlobalSection(SolutionProperties) = preSolution
		HideSolutionNode = FALSE
	EndGlobalSection
	GlobalSection(ExtensibilityGlobals) = postSolution
		SolutionGuid = {43FCAB9D-C01B-4F11-8EE3-5B1CEC198AE0}
	EndGlobalSection
EndGlobal
